
Microsoft Visual Studio Solution File, Format Version 12.00
# Visual Studio Version 17
VisualStudioVersion = 17.14.37502.11 d17.14
MinimumVisualStudioVersion = 10.0.40219.1
Project("{888888A0-9F3D-457C-B088-3A5042F75D52}") = "game-tools", "game-tools\game-tools.pyproj", "{B16C7E3E-50F1-43C1-BE43-39F4CFFC7EBD}"
EndProject
Global
	GlobalSection(SolutionConfigurationPlatforms) = preSolution
		Debug|Any CPU = Debug|Any CPU
		Release|Any CPU = Release|Any CPU
	EndGlobalSection
	GlobalSection(ProjectConfigurationPlatforms) = postSolution
		{B16C7E3E-50F1-43C1-BE43-39F4CFFC7EBD}.Debug|Any CPU.ActiveCfg = Debug|Any CPU
		{B16C7E3E-50F1-43C1-BE43-39F4CFFC7EBD}.Debug|Any CPU.Build.0 = Debug|Any CPU
		{B16C7E3E-50F1-43C1-BE43-39F4CFFC7EBD}.Release|Any CPU.ActiveCfg = Release|Any CPU
		{B16C7E3E-50F1-43C1-BE43-39F4CFFC7EBD}.Release|Any CPU.Build.0 = Release|Any CPU
	EndGlobalSection
	GlobalSection(SolutionProperties) = preSolution
		HideSolutionNode = FALSE
	EndGlobalSection
	GlobalSection(ExtensibilityGlobals) = postSolution
		SolutionGuid = {56D214C6-CCEE-4306-BCB5-802A46512B6D}
	EndGlobalSection
EndGlobal
